
Microsoft Visual Studio Solution File, Format Version 12.00
# Visual Studio Version 16
VisualStudioVersion = 16.0.31005.135
MinimumVisualStudioVersion = 10.0.40219.1
Project("{9A19103F-16F7-4668-BE54-9A1E7A4F7556}") = "Kampintro", "Kampintro\Kampintro.csproj", "{4F3AA72F-F9BD-472A-8259-D851FC0929F1}"
EndProject
Project("{9A19103F-16F7-4668-BE54-9A1E7A4F7556}") = "Donguler", "Donguler\Donguler.csproj", "{19518545-42FC-4E40-A504-639CAF958A26}"
EndProject
Project("{9A19103F-16F7-4668-BE54-9A1E7A4F7556}") = "Classintro", "Classintro\Classintro.csproj", "{CEC0DB19-1746-4115-AA04-75C255F22389}"
EndProject
Project("{9A19103F-16F7-4668-BE54-9A1E7A4F7556}") = "Metodlar", "Metodlar\Metodlar.csproj", "{72DEF228-13FF-416C-AF72-08FEC041782F}"
EndProject
Project("{FAE04EC0-301F-11D3-BF4B-00C04F79EFBC}") = "Matematik", "Matematik\Matematik.csproj", "{D3B79FCA-CA8D-4D24-988C-411778FD7E8E}"
EndProject
Project("{FAE04EC0-301F-11D3-BF4B-00C04F79EFBC}") = "DegerVeReferansTipler", "DegerVeReferansTipler\DegerVeReferansTipler.csproj", "{FB9360DA-8799-40EA-B02F-94440E7A3921}"
EndProject
Global
	GlobalSection(SolutionConfigurationPlatforms) = preSolution
		Debug|Any CPU = Debug|Any CPU
		Release|Any CPU = Release|Any CPU
	EndGlobalSection
	GlobalSection(ProjectConfigurationPlatforms) = postSolution
		{4F3AA72F-F9BD-472A-8259-D851FC0929F1}.Debug|Any CPU.ActiveCfg = Debug|Any CPU
		{4F3AA72F-F9BD-472A-8259-D851FC0929F1}.Debug|Any CPU.Build.0 = Debug|Any CPU
		{4F3AA72F-F9BD-472A-8259-D851FC0929F1}.Release|Any CPU.ActiveCfg = Release|Any CPU
		{4F3AA72F-F9BD-472A-8259-D851FC0929F1}.Release|Any CPU.Build.0 = Release|Any CPU
		{19518545-42FC-4E40-A504-639CAF958A26}.Debug|Any CPU.ActiveCfg = Debug|Any CPU
		{19518545-42FC-4E40-A504-639CAF958A26}.Debug|Any CPU.Build.0 = Debug|Any CPU
		{19518545-42FC-4E40-A504-639CAF958A26}.Release|Any CPU.ActiveCfg = Release|Any CPU
		{19518545-42FC-4E40-A504-639CAF958A26}.Release|Any CPU.Build.0 = Release|Any CPU
		{CEC0DB19-1746-4115-AA04-75C255F22389}.Debug|Any CPU.ActiveCfg = Debug|Any CPU
		{CEC0DB19-1746-4115-AA04-75C255F22389}.Debug|Any CPU.Build.0 = Debug|Any CPU
		{CEC0DB19-1746-4115-AA04-75C255F22389}.Release|Any CPU.ActiveCfg = Release|Any CPU
		{CEC0DB19-1746-4115-AA04-75C255F22389}.Release|Any CPU.Build.0 = Release|Any CPU
		{72DEF228-13FF-416C-AF72-08FEC041782F}.Debug|Any CPU.ActiveCfg = Debug|Any CPU
		{72DEF228-13FF-416C-AF72-08FEC041782F}.Debug|Any CPU.Build.0 = Debug|Any CPU
		{72DEF228-13FF-416C-AF72-08FEC041782F}.Release|Any CPU.ActiveCfg = Release|Any CPU
		{72DEF228-13FF-416C-AF72-08FEC041782F}.Release|Any CPU.Build.0 = Release|Any CPU
		{D3B79FCA-CA8D-4D24-988C-411778FD7E8E}.Debug|Any CPU.ActiveCfg = Debug|Any CPU
		{D3B79FCA-CA8D-4D24-988C-411778FD7E8E}.Debug|Any CPU.Build.0 = Debug|Any CPU
		{D3B79FCA-CA8D-4D24-988C-411778FD7E8E}.Release|Any CPU.ActiveCfg = Release|Any CPU
		{D3B79FCA-CA8D-4D24-988C-411778FD7E8E}.Release|Any CPU.Build.0 = Release|Any CPU
		{FB9360DA-8799-40EA-B02F-94440E7A3921}.Debug|Any CPU.ActiveCfg = Debug|Any CPU
		{FB9360DA-8799-40EA-B02F-94440E7A3921}.Debug|Any CPU.Build.0 = Debug|Any CPU
		{FB9360DA-8799-40EA-B02F-94440E7A3921}.Release|Any CPU.ActiveCfg = Release|Any CPU
		{FB9360DA-8799-40EA-B02F-94440E7A3921}.Release|Any CPU.Build.0 = Release|Any CPU
	EndGlobalSection
	GlobalSection(SolutionProperties) = preSolution
		HideSolutionNode = FALSE
	EndGlobalSection
	GlobalSection(ExtensibilityGlobals) = postSolution
		SolutionGuid = {D3D07D79-FC50-476D-ABE8-90BA911D78BE}
	EndGlobalSection
EndGlobal
